
Microsoft Visual Studio Solution File, Format Version 12.00
# Visual Studio 15
VisualStudioVersion = 15.0.28307.572
MinimumVisualStudioVersion = 10.0.40219.1
Project("{FAE04EC0-301F-11D3-BF4B-00C04F79EFBC}") = "Pen.Android", "Pen\Pen.Android\Pen.Android.csproj", "{8D61E78A-7692-4149-A086-4B1B70260CC1}"
EndProject
Project("{FAE04EC0-301F-11D3-BF4B-00C04F79EFBC}") = "Pen.iOS", "Pen\Pen.iOS\Pen.iOS.csproj", "{CDA3A639-DE85-4674-B821-B7A5FBB56559}"
EndProject
Project("{FAE04EC0-301F-11D3-BF4B-00C04F79EFBC}") = "Pen.UWP", "Pen\Pen.UWP\Pen.UWP.csproj", "{D17839A7-5326-4DC5-8161-868197CFA707}"
EndProject
Project("{FAE04EC0-301F-11D3-BF4B-00C04F79EFBC}") = "Pen", "Pen\Pen\Pen.csproj", "{F020439F-190F-487B-8D21-8FAE4DCBF30F}"
EndProject
Global
	GlobalSection(SolutionConfigurationPlatforms) = preSolution
		Ad-Hoc|Any CPU = Ad-Hoc|Any CPU
		Ad-Hoc|ARM = Ad-Hoc|ARM
		Ad-Hoc|iPhone = Ad-Hoc|iPhone
		Ad-Hoc|iPhoneSimulator = Ad-Hoc|iPhoneSimulator
		Ad-Hoc|x64 = Ad-Hoc|x64
		Ad-Hoc|x86 = Ad-Hoc|x86
		AppStore|Any CPU = AppStore|Any CPU
		AppStore|ARM = AppStore|ARM
		AppStore|iPhone = AppStore|iPhone
		AppStore|iPhoneSimulator = AppStore|iPhoneSimulator
		AppStore|x64 = AppStore|x64
		AppStore|x86 = AppStore|x86
		Debug|Any CPU = Debug|Any CPU
		Debug|ARM = Debug|ARM
		Debug|iPhone = Debug|iPhone
		Debug|iPhoneSimulator = Debug|iPhoneSimulator
		Debug|x64 = Debug|x64
		Debug|x86 = Debug|x86
		Release|Any CPU = Release|Any CPU
		Release|ARM = Release|ARM
		Release|iPhone = Release|iPhone
		Release|iPhoneSimulator = Release|iPhoneSimulator
		Release|x64 = Release|x64
		Release|x86 = Release|x86
	EndGlobalSection
	GlobalSection(ProjectConfigurationPlatforms) = postSolution
		{8D61E78A-7692-4149-A086-4B1B70260CC1}.Ad-Hoc|Any CPU.ActiveCfg = Release|Any CPU
		{8D61E78A-7692-4149-A086-4B1B70260CC1}.Ad-Hoc|Any CPU.Build.0 = Release|Any CPU
		{8D61E78A-7692-4149-A086-4B1B70260CC1}.Ad-Hoc|Any CPU.Deploy.0 = Release|Any CPU
		{8D61E78A-7692-4149-A086-4B1B70260CC1}.Ad-Hoc|ARM.ActiveCfg = Release|Any CPU
		{8D61E78A-7692-4149-A086-4B1B70260CC1}.Ad-Hoc|ARM.Build.0 = Release|Any CPU
		{8D61E78A-7692-4149-A086-4B1B70260CC1}.Ad-Hoc|ARM.Deploy.0 = Release|Any CPU
		{8D61E78A-7692-4149-A086-4B1B70260CC1}.Ad-Hoc|iPhone.ActiveCfg = Release|Any CPU
		{8D61E78A-7692-4149-A086-4B1B70260CC1}.Ad-Hoc|iPhone.Build.0 = Release|Any CPU
		{8D61E78A-7692-4149-A086-4B1B70260CC1}.Ad-Hoc|iPhone.Deploy.0 = Release|Any CPU
		{8D61E78A-7692-4149-A086-4B1B70260CC1}.Ad-Hoc|iPhoneSimulator.ActiveCfg = Release|Any CPU
		{8D61E78A-7692-4149-A086-4B1B70260CC1}.Ad-Hoc|iPhoneSimulator.Build.0 = Release|Any CPU
		{8D61E78A-7692-4149-A086-4B1B70260CC1}.Ad-Hoc|iPhoneSimulator.Deploy.0 = Release|Any CPU
		{8D61E78A-7692-4149-A086-4B1B70260CC1}.Ad-Hoc|x64.ActiveCfg = Release|Any CPU
		{8D61E78A-7692-4149-A086-4B1B70260CC1}.Ad-Hoc|x64.Build.0 = Release|Any CPU
		{8D61E78A-7692-4149-A086-4B1B70260CC1}.Ad-Hoc|x64.Deploy.0 = Release|Any CPU
		{8D61E78A-7692-4149-A086-4B1B70260CC1}.Ad-Hoc|x86.ActiveCfg = Release|Any CPU
		{8D61E78A-7692-4149-A086-4B1B70260CC1}.Ad-Hoc|x86.Build.0 = Release|Any CPU
		{8D61E78A-7692-4149-A086-4B1B70260CC1}.Ad-Hoc|x86.Deploy.0 = Release|Any CPU
		{8D61E78A-7692-4149-A086-4B1B70260CC1}.AppStore|Any CPU.ActiveCfg = Release|Any CPU
		{8D61E78A-7692-4149-A086-4B1B70260CC1}.AppStore|Any CPU.Build.0 = Release|Any CPU
		{8D61E78A-7692-4149-A086-4B1B70260CC1}.AppStore|Any CPU.Deploy.0 = Release|Any CPU
		{8D61E78A-7692-4149-A086-4B1B70260CC1}.AppStore|ARM.ActiveCfg = Release|Any CPU
		{8D61E78A-7692-4149-A086-4B1B70260CC1}.AppStore|ARM.Build.0 = Release|Any CPU
		{8D61E78A-7692-4149-A086-4B1B70260CC1}.AppStore|ARM.Deploy.0 = Release|Any CPU
		{8D61E78A-7692-4149-A086-4B1B70260CC1}.AppStore|iPhone.ActiveCfg = Release|Any CPU
		{8D61E78A-7692-4149-A086-4B1B70260CC1}.AppStore|iPhone.Build.0 = Release|Any CPU
		{8D61E78A-7692-4149-A086-4B1B70260CC1}.AppStore|iPhone.Deploy.0 = Release|Any CPU
		{8D61E78A-7692-4149-A086-4B1B70260CC1}.AppStore|iPhoneSimulator.ActiveCfg = Release|Any CPU
		{8D61E78A-7692-4149-A086-4B1B70260CC1}.AppStore|iPhoneSimulator.Build.0 = Release|Any CPU
		{8D61E78A-7692-4149-A086-4B1B70260CC1}.AppStore|iPhoneSimulator.Deploy.0 = Release|Any CPU
		{8D61E78A-7692-4149-A086-4B1B70260CC1}.AppStore|x64.ActiveCfg = Release|Any CPU
		{8D61E78A-7692-4149-A086-4B1B70260CC1}.AppStore|x64.Build.0 = Release|Any CPU
		{8D61E78A-7692-4149-A086-4B1B70260CC1}.AppStore|x64.Deploy.0 = Release|Any CPU
		{8D61E78A-7692-4149-A086-4B1B70260CC1}.AppStore|x86.ActiveCfg = Release|Any CPU
		{8D61E78A-7692-4149-A086-4B1B70260CC1}.AppStore|x86.Build.0 = Release|Any CPU
		{8D61E78A-7692-4149-A086-4B1B70260CC1}.AppStore|x86.Deploy.0 = Release|Any CPU
		{8D61E78A-7692-4149-A086-4B1B70260CC1}.Debug|Any CPU.ActiveCfg = Debug|Any CPU
		{8D61E78A-7692-4149-A086-4B1B70260CC1}.Debug|Any CPU.Build.0 = Debug|Any CPU
		{8D61E78A-7692-4149-A086-4B1B70260CC1}.Debug|Any CPU.Deploy.0 = Debug|Any CPU
		{8D61E78A-7692-4149-A086-4B1B70260CC1}.Debug|ARM.ActiveCfg = Debug|Any CPU
		{8D61E78A-7692-4149-A086-4B1B70260CC1}.Debug|ARM.Build.0 = Debug|Any CPU
		{8D61E78A-7692-4149-A086-4B1B70260CC1}.Debug|ARM.Deploy.0 = Debug|Any CPU
		{8D61E78A-7692-4149-A086-4B1B70260CC1}.Debug|iPhone.ActiveCfg = Debug|Any CPU
		{8D61E78A-7692-4149-A086-4B1B70260CC1}.Debug|iPhone.Build.0 = Debug|Any CPU
		{8D61E78A-7692-4149-A086-4B1B70260CC1}.Debug|iPhone.Deploy.0 = Debug|Any CPU
		{8D61E78A-7692-4149-A086-4B1B70260CC1}.Debug|iPhoneSimulator.ActiveCfg = Debug|Any CPU
		{8D61E78A-7692-4149-A086-4B1B70260CC1}.Debug|iPhoneSimulator.Build.0 = Debug|Any CPU
		{8D61E78A-7692-4149-A086-4B1B70260CC1}.Debug|iPhoneSimulator.Deploy.0 = Debug|Any CPU
		{8D61E78A-7692-4149-A086-4B1B70260CC1}.Debug|x64.ActiveCfg = Debug|Any CPU
		{8D61E78A-7692-4149-A086-4B1B70260CC1}.Debug|x64.Build.0 = Debug|Any CPU
		{8D61E78A-7692-4149-A086-4B1B70260CC1}.Debug|x64.Deploy.0 = Debug|Any CPU
		{8D61E78A-7692-4149-A086-4B1B70260CC1}.Debug|x86.ActiveCfg = Debug|Any CPU
		{8D61E78A-7692-4149-A086-4B1B70260CC1}.Debug|x86.Build.0 = Debug|Any CPU
		{8D61E78A-7692-4149-A086-4B1B70260CC1}.Debug|x86.Deploy.0 = Debug|Any CPU
		{8D61E78A-7692-4149-A086-4B1B70260CC1}.Release|Any CPU.ActiveCfg = Release|Any CPU
		{8D61E78A-7692-4149-A086-4B1B70260CC1}.Release|Any CPU.Build.0 = Release|Any CPU
		{8D61E78A-7692-4149-A086-4B1B70260CC1}.Release|Any CPU.Deploy.0 = Release|Any CPU
		{8D61E78A-7692-4149-A086-4B1B70260CC1}.Release|ARM.ActiveCfg = Release|Any CPU
		{8D61E78A-7692-4149-A086-4B1B70260CC1}.Release|ARM.Build.0 = Release|Any CPU
		{8D61E78A-7692-4149-A086-4B1B70260CC1}.Release|ARM.Deploy.0 = Release|Any CPU
		{8D61E78A-7692-4149-A086-4B1B70260CC1}.Release|iPhone.ActiveCfg = Release|Any CPU
		{8D61E78A-7692-4149-A086-4B1B70260CC1}.Release|iPhone.Build.0 = Release|Any CPU
		{8D61E78A-7692-4149-A086-4B1B70260CC1}.Release|iPhone.Deploy.0 = Release|Any CPU
		{8D61E78A-7692-4149-A086-4B1B70260CC1}.Release|iPhoneSimulator.ActiveCfg = Release|Any CPU
		{8D61E78A-7692-4149-A086-4B1B70260CC1}.Release|iPhoneSimulator.Build.0 = Release|Any CPU
		{8D61E78A-7692-4149-A086-4B1B70260CC1}.Release|iPhoneSimulator.Deploy.0 = Release|Any CPU
		{8D61E78A-7692-4149-A086-4B1B70260CC1}.Release|x64.ActiveCfg = Release|Any CPU
		{8D61E78A-7692-4149-A086-4B1B70260CC1}.Release|x64.Build.0 = Release|Any CPU
		{8D61E78A-7692-4149-A086-4B1B70260CC1}.Release|x64.Deploy.0 = Release|Any CPU
		{8D61E78A-7692-4149-A086-4B1B70260CC1}.Release|x86.ActiveCfg = Release|Any CPU
		{8D61E78A-7692-4149-A086-4B1B70260CC1}.Release|x86.Build.0 = Release|Any CPU
		{8D61E78A-7692-4149-A086-4B1B70260CC1}.Release|x86.Deploy.0 = Release|Any CPU
		{CDA3A639-DE85-4674-B821-B7A5FBB56559}.Ad-Hoc|Any CPU.ActiveCfg = Ad-Hoc|iPhone
		{CDA3A639-DE85-4674-B821-B7A5FBB56559}.Ad-Hoc|Any CPU.Build.0 = Ad-Hoc|iPhone
		{CDA3A639-DE85-4674-B821-B7A5FBB56559}.Ad-Hoc|Any CPU.Deploy.0 = Ad-Hoc|iPhone
		{CDA3A639-DE85-4674-B821-B7A5FBB56559}.Ad-Hoc|ARM.ActiveCfg = Ad-Hoc|iPhone
		{CDA3A639-DE85-4674-B821-B7A5FBB56559}.Ad-Hoc|ARM.Build.0 = Ad-Hoc|iPhone
		{CDA3A639-DE85-4674-B821-B7A5FBB56559}.Ad-Hoc|ARM.Deploy.0 = Ad-Hoc|iPhone
		{CDA3A639-DE85-4674-B821-B7A5FBB56559}.Ad-Hoc|iPhone.ActiveCfg = Ad-Hoc|iPhone
		{CDA3A639-DE85-4674-B821-B7A5FBB56559}.Ad-Hoc|iPhone.Build.0 = Ad-Hoc|iPhone
		{CDA3A639-DE85-4674-B821-B7A5FBB56559}.Ad-Hoc|iPhone.Deploy.0 = Ad-Hoc|iPhone
		{CDA3A639-DE85-4674-B821-B7A5FBB56559}.Ad-Hoc|iPhoneSimulator.ActiveCfg = Ad-Hoc|iPhoneSimulator
		{CDA3A639-DE85-4674-B821-B7A5FBB56559}.Ad-Hoc|iPhoneSimulator.Build.0 = Ad-Hoc|iPhoneSimulator
		{CDA3A639-DE85-4674-B821-B7A5FBB56559}.Ad-Hoc|iPhoneSimulator.Deploy.0 = Ad-Hoc|iPhoneSimulator
		{CDA3A639-DE85-4674-B821-B7A5FBB56559}.Ad-Hoc|x64.ActiveCfg = Ad-Hoc|iPhone
		{CDA3A639-DE85-4674-B821-B7A5FBB56559}.Ad-Hoc|x64.Build.0 = Ad-Hoc|iPhone
		{CDA3A639-DE85-4674-B821-B7A5FBB56559}.Ad-Hoc|x64.Deploy.0 = Ad-Hoc|iPhone
		{CDA3A639-DE85-4674-B821-B7A5FBB56559}.Ad-Hoc|x86.ActiveCfg = Ad-Hoc|iPhone
		{CDA3A639-DE85-4674-B821-B7A5FBB56559}.Ad-Hoc|x86.Build.0 = Ad-Hoc|iPhone
		{CDA3A639-DE85-4674-B821-B7A5FBB56559}.Ad-Hoc|x86.Deploy.0 = Ad-Hoc|iPhone
		{CDA3A639-DE85-4674-B821-B7A5FBB56559}.AppStore|Any CPU.ActiveCfg = AppStore|iPhone
		{CDA3A639-DE85-4674-B821-B7A5FBB56559}.AppStore|Any CPU.Build.0 = AppStore|iPhone
		{CDA3A639-DE85-4674-B821-B7A5FBB56559}.AppStore|Any CPU.Deploy.0 = AppStore|iPhone
		{CDA3A639-DE85-4674-B821-B7A5FBB56559}.AppStore|ARM.ActiveCfg = AppStore|iPhone
		{CDA3A639-DE85-4674-B821-B7A5FBB56559}.AppStore|ARM.Build.0 = AppStore|iPhone
		{CDA3A639-DE85-4674-B821-B7A5FBB56559}.AppStore|ARM.Deploy.0 = AppStore|iPhone
		{CDA3A639-DE85-4674-B821-B7A5FBB56559}.AppStore|iPhone.ActiveCfg = AppStore|iPhone
		{CDA3A639-DE85-4674-B821-B7A5FBB56559}.AppStore|iPhone.Build.0 = AppStore|iPhone
		{CDA3A639-DE85-4674-B821-B7A5FBB56559}.AppStore|iPhone.Deploy.0 = AppStore|iPhone
		{CDA3A639-DE85-4674-B821-B7A5FBB56559}.AppStore|iPhoneSimulator.ActiveCfg = AppStore|iPhoneSimulator
		{CDA3A639-DE85-4674-B821-B7A5FBB56559}.AppStore|iPhoneSimulator.Build.0 = AppStore|iPhoneSimulator
		{CDA3A639-DE85-4674-B821-B7A5FBB56559}.AppStore|iPhoneSimulator.Deploy.0 = AppStore|iPhoneSimulator
		{CDA3A639-DE85-4674-B821-B7A5FBB56559}.AppStore|x64.ActiveCfg = AppStore|iPhone
		{CDA3A639-DE85-4674-B821-B7A5FBB56559}.AppStore|x64.Build.0 = AppStore|iPhone
		{CDA3A639-DE85-4674-B821-B7A5FBB56559}.AppStore|x64.Deploy.0 = AppStore|iPhone
		{CDA3A639-DE85-4674-B821-B7A5FBB56559}.AppStore|x86.ActiveCfg = AppStore|iPhone
		{CDA3A639-DE85-4674-B821-B7A5FBB56559}.AppStore|x86.Build.0 = AppStore|iPhone
		{CDA3A639-DE85-4674-B821-B7A5FBB56559}.AppStore|x86.Deploy.0 = AppStore|iPhone
		{CDA3A639-DE85-4674-B821-B7A5FBB56559}.Debug|Any CPU.ActiveCfg = Debug|iPhoneSimulator
		{CDA3A639-DE85-4674-B821-B7A5FBB56559}.Debug|Any CPU.Build.0 = Debug|iPhoneSimulator
		{CDA3A639-DE85-4674-B821-B7A5FBB56559}.Debug|Any CPU.Deploy.0 = Debug|iPhoneSimulator
		{CDA3A639-DE85-4674-B821-B7A5FBB56559}.Debug|ARM.ActiveCfg = Debug|iPhone
		{CDA3A639-DE85-4674-B821-B7A5FBB56559}.Debug|ARM.Build.0 = Debug|iPhone
		{CDA3A639-DE85-4674-B821-B7A5FBB56559}.Debug|ARM.Deploy.0 = Debug|iPhone
		{CDA3A639-DE85-4674-B821-B7A5FBB56559}.Debug|iPhone.ActiveCfg = Debug|iPhone
		{CDA3A639-DE85-4674-B821-B7A5FBB56559}.Debug|iPhone.Build.0 = Debug|iPhone
		{CDA3A639-DE85-4674-B821-B7A5FBB56559}.Debug|iPhone.Deploy.0 = Debug|iPhone
		{CDA3A639-DE85-4674-B821-B7A5FBB56559}.Debug|iPhoneSimulator.ActiveCfg = Debug|iPhoneSimulator
		{CDA3A639-DE85-4674-B821-B7A5FBB56559}.Debug|iPhoneSimulator.Build.0 = Debug|iPhoneSimulator
		{CDA3A639-DE85-4674-B821-B7A5FBB56559}.Debug|iPhoneSimulator.Deploy.0 = Debug|iPhoneSimulator
		{CDA3A639-DE85-4674-B821-B7A5FBB56559}.Debug|x64.ActiveCfg = Debug|iPhone
		{CDA3A639-DE85-4674-B821-B7A5FBB56559}.Debug|x64.Build.0 = Debug|iPhone
		{CDA3A639-DE85-4674-B821-B7A5FBB56559}.Debug|x64.Deploy.0 = Debug|iPhone
		{CDA3A639-DE85-4674-B821-B7A5FBB56559}.Debug|x86.ActiveCfg = Debug|iPhone
		{CDA3A639-DE85-4674-B821-B7A5FBB56559}.Debug|x86.Build.0 = Debug|iPhone
		{CDA3A639-DE85-4674-B821-B7A5FBB56559}.Debug|x86.Deploy.0 = Debug|iPhone
		{CDA3A639-DE85-4674-B821-B7A5FBB56559}.Release|Any CPU.ActiveCfg = Release|iPhone
		{CDA3A639-DE85-4674-B821-B7A5FBB56559}.Release|Any CPU.Build.0 = Release|iPhone
		{CDA3A639-DE85-4674-B821-B7A5FBB56559}.Release|Any CPU.Deploy.0 = Release|iPhone
		{CDA3A639-DE85-4674-B821-B7A5FBB56559}.Release|ARM.ActiveCfg = Release|iPhone
		{CDA3A639-DE85-4674-B821-B7A5FBB56559}.Release|ARM.Build.0 = Release|iPhone
		{CDA3A639-DE85-4674-B821-B7A5FBB56559}.Release|ARM.Deploy.0 = Release|iPhone
		{CDA3A639-DE85-4674-B821-B7A5FBB56559}.Release|iPhone.ActiveCfg = Release|iPhone
		{CDA3A639-DE85-4674-B821-B7A5FBB56559}.Release|iPhone.Build.0 = Release|iPhone
		{CDA3A639-DE85-4674-B821-B7A5FBB56559}.Release|iPhone.Deploy.0 = Release|iPhone
		{CDA3A639-DE85-4674-B821-B7A5FBB56559}.Release|iPhoneSimulator.ActiveCfg = Release|iPhoneSimulator
		{CDA3A639-DE85-4674-B821-B7A5FBB56559}.Release|iPhoneSimulator.Build.0 = Release|iPhoneSimulator
		{CDA3A639-DE85-4674-B821-B7A5FBB56559}.Release|iPhoneSimulator.Deploy.0 = Release|iPhoneSimulator
		{CDA3A639-DE85-4674-B821-B7A5FBB56559}.Release|x64.ActiveCfg = Release|iPhone
		{CDA3A639-DE85-4674-B821-B7A5FBB56559}.Release|x64.Build.0 = Release|iPhone
		{CDA3A639-DE85-4674-B821-B7A5FBB56559}.Release|x64.Deploy.0 = Release|iPhone
		{CDA3A639-DE85-4674-B821-B7A5FBB56559}.Release|x86.ActiveCfg = Release|iPhone
		{CDA3A639-DE85-4674-B821-B7A5FBB56559}.Release|x86.Build.0 = Release|iPhone
		{CDA3A639-DE85-4674-B821-B7A5FBB56559}.Release|x86.Deploy.0 = Release|iPhone
		{D17839A7-5326-4DC5-8161-868197CFA707}.Ad-Hoc|Any CPU.ActiveCfg = Release|x86
		{D17839A7-5326-4DC5-8161-868197CFA707}.Ad-Hoc|Any CPU.Build.0 = Release|x86
		{D17839A7-5326-4DC5-8161-868197CFA707}.Ad-Hoc|Any CPU.Deploy.0 = Release|x86
		{D17839A7-5326-4DC5-8161-868197CFA707}.Ad-Hoc|ARM.ActiveCfg = Release|ARM
		{D17839A7-5326-4DC5-8161-868197CFA707}.Ad-Hoc|ARM.Build.0 = Release|ARM
		{D17839A7-5326-4DC5-8161-868197CFA707}.Ad-Hoc|ARM.Deploy.0 = Release|ARM
		{D17839A7-5326-4DC5-8161-868197CFA707}.Ad-Hoc|iPhone.ActiveCfg = Release|x86
		{D17839A7-5326-4DC5-8161-868197CFA707}.Ad-Hoc|iPhone.Build.0 = Release|x86
		{D17839A7-5326-4DC5-8161-868197CFA707}.Ad-Hoc|iPhone.Deploy.0 = Release|x86
		{D17839A7-5326-4DC5-8161-868197CFA707}.Ad-Hoc|iPhoneSimulator.ActiveCfg = Release|x86
		{D17839A7-5326-4DC5-8161-868197CFA707}.Ad-Hoc|iPhoneSimulator.Build.0 = Release|x86
		{D17839A7-5326-4DC5-8161-868197CFA707}.Ad-Hoc|iPhoneSimulator.Deploy.0 = Release|x86
		{D17839A7-5326-4DC5-8161-868197CFA707}.Ad-Hoc|x64.ActiveCfg = Release|x64
		{D17839A7-5326-4DC5-8161-868197CFA707}.Ad-Hoc|x64.Build.0 = Release|x64
		{D17839A7-5326-4DC5-8161-868197CFA707}.Ad-Hoc|x64.Deploy.0 = Release|x64
		{D17839A7-5326-4DC5-8161-868197CFA707}.Ad-Hoc|x86.ActiveCfg = Release|x86
		{D17839A7-5326-4DC5-8161-868197CFA707}.Ad-Hoc|x86.Build.0 = Release|x86
		{D17839A7-5326-4DC5-8161-868197CFA707}.Ad-Hoc|x86.Deploy.0 = Release|x86
		{D17839A7-5326-4DC5-8161-868197CFA707}.AppStore|Any CPU.ActiveCfg = Release|x86
		{D17839A7-5326-4DC5-8161-868197CFA707}.AppStore|Any CPU.Build.0 = Release|x86
		{D17839A7-5326-4DC5-8161-868197CFA707}.AppStore|Any CPU.Deploy.0 = Release|x86
		{D17839A7-5326-4DC5-8161-868197CFA707}.AppStore|ARM.ActiveCfg = Release|ARM
		{D17839A7-5326-4DC5-8161-868197CFA707}.AppStore|ARM.Build.0 = Release|ARM
		{D17839A7-5326-4DC5-8161-868197CFA707}.AppStore|ARM.Deploy.0 = Release|ARM
		{D17839A7-5326-4DC5-8161-868197CFA707}.AppStore|iPhone.ActiveCfg = Release|x86
		{D17839A7-5326-4DC5-8161-868197CFA707}.AppStore|iPhone.Build.0 = Release|x86
		{D17839A7-5326-4DC5-8161-868197CFA707}.AppStore|iPhone.Deploy.0 = Release|x86
		{D17839A7-5326-4DC5-8161-868197CFA707}.AppStore|iPhoneSimulator.ActiveCfg = Release|x86
		{D17839A7-5326-4DC5-8161-868197CFA707}.AppStore|iPhoneSimulator.Build.0 = Release|x86
		{D17839A7-5326-4DC5-8161-868197CFA707}.AppStore|iPhoneSimulator.Deploy.0 = Release|x86
		{D17839A7-5326-4DC5-8161-868197CFA707}.AppStore|x64.ActiveCfg = Release|x64
		{D17839A7-5326-4DC5-8161-868197CFA707}.AppStore|x64.Build.0 = Release|x64
		{D17839A7-5326-4DC5-8161-868197CFA707}.AppStore|x64.Deploy.0 = Release|x64
		{D17839A7-5326-4DC5-8161-868197CFA707}.AppStore|x86.ActiveCfg = Release|x86
		{D17839A7-5326-4DC5-8161-868197CFA707}.AppStore|x86.Build.0 = Release|x86
		{D17839A7-5326-4DC5-8161-868197CFA707}.AppStore|x86.Deploy.0 = Release|x86
		{D17839A7-5326-4DC5-8161-868197CFA707}.Debug|Any CPU.ActiveCfg = Debug|x86
		{D17839A7-5326-4DC5-8161-868197CFA707}.Debug|Any CPU.Build.0 = Debug|x86
		{D17839A7-5326-4DC5-8161-868197CFA707}.Debug|Any CPU.Deploy.0 = Debug|x86
		{D17839A7-5326-4DC5-8161-868197CFA707}.Debug|ARM.ActiveCfg = Debug|ARM
		{D17839A7-5326-4DC5-8161-868197CFA707}.Debug|ARM.Build.0 = Debug|ARM
		{D17839A7-5326-4DC5-8161-868197CFA707}.Debug|ARM.Deploy.0 = Debug|ARM
		{D17839A7-5326-4DC5-8161-868197CFA707}.Debug|iPhone.ActiveCfg = Debug|x86
		{D17839A7-5326-4DC5-8161-868197CFA707}.Debug|iPhone.Build.0 = Debug|x86
		{D17839A7-5326-4DC5-8161-868197CFA707}.Debug|iPhone.Deploy.0 = Debug|x86
		{D17839A7-5326-4DC5-8161-868197CFA707}.Debug|iPhoneSimulator.ActiveCfg = Debug|x86
		{D17839A7-5326-4DC5-8161-868197CFA707}.Debug|iPhoneSimulator.Build.0 = Debug|x86
		{D17839A7-5326-4DC5-8161-868197CFA707}.Debug|iPhoneSimulator.Deploy.0 = Debug|x86
		{D17839A7-5326-4DC5-8161-868197CFA707}.Debug|x64.ActiveCfg = Debug|x64
		{D17839A7-5326-4DC5-8161-868197CFA707}.Debug|x64.Build.0 = Debug|x64
		{D17839A7-5326-4DC5-8161-868197CFA707}.Debug|x64.Deploy.0 = Debug|x64
		{D17839A7-5326-4DC5-8161-868197CFA707}.Debug|x86.ActiveCfg = Debug|x86
		{D17839A7-5326-4DC5-8161-868197CFA707}.Debug|x86.Build.0 = Debug|x86
		{D17839A7-5326-4DC5-8161-868197CFA707}.Debug|x86.Deploy.0 = Debug|x86
		{D17839A7-5326-4DC5-8161-868197CFA707}.Release|Any CPU.ActiveCfg = Release|x86
		{D17839A7-5326-4DC5-8161-868197CFA707}.Release|Any CPU.Build.0 = Release|x86
		{D17839A7-5326-4DC5-8161-868197CFA707}.Release|Any CPU.Deploy.0 = Release|x86
		{D17839A7-5326-4DC5-8161-868197CFA707}.Release|ARM.ActiveCfg = Release|ARM
		{D17839A7-5326-4DC5-8161-868197CFA707}.Release|ARM.Build.0 = Release|ARM
		{D17839A7-5326-4DC5-8161-868197CFA707}.Release|ARM.Deploy.0 = Release|ARM
		{D17839A7-5326-4DC5-8161-868197CFA707}.Release|iPhone.ActiveCfg = Release|x86
		{D17839A7-5326-4DC5-8161-868197CFA707}.Release|iPhone.Build.0 = Release|x86
		{D17839A7-5326-4DC5-8161-868197CFA707}.Release|iPhone.Deploy.0 = Release|x86
		{D17839A7-5326-4DC5-8161-868197CFA707}.Release|iPhoneSimulator.ActiveCfg = Release|x86
		{D17839A7-5326-4DC5-8161-868197CFA707}.Release|iPhoneSimulator.Build.0 = Release|x86
		{D17839A7-5326-4DC5-8161-868197CFA707}.Release|iPhoneSimulator.Deploy.0 = Release|x86
		{D17839A7-5326-4DC5-8161-868197CFA707}.Release|x64.ActiveCfg = Release|x64
		{D17839A7-5326-4DC5-8161-868197CFA707}.Release|x64.Build.0 = Release|x64
		{D17839A7-5326-4DC5-8161-868197CFA707}.Release|x64.Deploy.0 = Release|x64
		{D17839A7-5326-4DC5-8161-868197CFA707}.Release|x86.ActiveCfg = Release|x86
		{D17839A7-5326-4DC5-8161-868197CFA707}.Release|x86.Build.0 = Release|x86
		{D17839A7-5326-4DC5-8161-868197CFA707}.Release|x86.Deploy.0 = Release|x86
		{F020439F-190F-487B-8D21-8FAE4DCBF30F}.Ad-Hoc|Any CPU.ActiveCfg = Debug|Any CPU
		{F020439F-190F-487B-8D21-8FAE4DCBF30F}.Ad-Hoc|Any CPU.Build.0 = Debug|Any CPU
		{F020439F-190F-487B-8D21-8FAE4DCBF30F}.Ad-Hoc|Any CPU.Deploy.0 = Debug|Any CPU
		{F020439F-190F-487B-8D21-8FAE4DCBF30F}.Ad-Hoc|ARM.ActiveCfg = Debug|Any CPU
		{F020439F-190F-487B-8D21-8FAE4DCBF30F}.Ad-Hoc|ARM.Build.0 = Debug|Any CPU
		{F020439F-190F-487B-8D21-8FAE4DCBF30F}.Ad-Hoc|ARM.Deploy.0 = Debug|Any CPU
		{F020439F-190F-487B-8D21-8FAE4DCBF30F}.Ad-Hoc|iPhone.ActiveCfg = Debug|Any CPU
		{F020439F-190F-487B-8D21-8FAE4DCBF30F}.Ad-Hoc|iPhone.Build.0 = Debug|Any CPU
		{F020439F-190F-487B-8D21-8FAE4DCBF30F}.Ad-Hoc|iPhone.Deploy.0 = Debug|Any CPU
		{F020439F-190F-487B-8D21-8FAE4DCBF30F}.Ad-Hoc|iPhoneSimulator.ActiveCfg = Debug|Any CPU
		{F020439F-190F-487B-8D21-8FAE4DCBF30F}.Ad-Hoc|iPhoneSimulator.Build.0 = Debug|Any CPU
		{F020439F-190F-487B-8D21-8FAE4DCBF30F}.Ad-Hoc|iPhoneSimulator.Deploy.0 = Debug|Any CPU
		{F020439F-190F-487B-8D21-8FAE4DCBF30F}.Ad-Hoc|x64.ActiveCfg = Debug|Any CPU
		{F020439F-190F-487B-8D21-8FAE4DCBF30F}.Ad-Hoc|x64.Build.0 = Debug|Any CPU
		{F020439F-190F-487B-8D21-8FAE4DCBF30F}.Ad-Hoc|x64.Deploy.0 = Debug|Any CPU
		{F020439F-190F-487B-8D21-8FAE4DCBF30F}.Ad-Hoc|x86.ActiveCfg = Debug|Any CPU
		{F020439F-190F-487B-8D21-8FAE4DCBF30F}.Ad-Hoc|x86.Build.0 = Debug|Any CPU
		{F020439F-190F-487B-8D21-8FAE4DCBF30F}.Ad-Hoc|x86.Deploy.0 = Debug|Any CPU
		{F020439F-190F-487B-8D21-8FAE4DCBF30F}.AppStore|Any CPU.ActiveCfg = Debug|Any CPU
		{F020439F-190F-487B-8D21-8FAE4DCBF30F}.AppStore|Any CPU.Build.0 = Debug|Any CPU
		{F020439F-190F-487B-8D21-8FAE4DCBF30F}.AppStore|Any CPU.Deploy.0 = Debug|Any CPU
		{F020439F-190F-487B-8D21-8FAE4DCBF30F}.AppStore|ARM.ActiveCfg = Debug|Any CPU
		{F020439F-190F-487B-8D21-8FAE4DCBF30F}.AppStore|ARM.Build.0 = Debug|Any CPU
		{F020439F-190F-487B-8D21-8FAE4DCBF30F}.AppStore|ARM.Deploy.0 = Debug|Any CPU
		{F020439F-190F-487B-8D21-8FAE4DCBF30F}.AppStore|iPhone.ActiveCfg = Debug|Any CPU
		{F020439F-190F-487B-8D21-8FAE4DCBF30F}.AppStore|iPhone.Build.0 = Debug|Any CPU
		{F020439F-190F-487B-8D21-8FAE4DCBF30F}.AppStore|iPhone.Deploy.0 = Debug|Any CPU
		{F020439F-190F-487B-8D21-8FAE4DCBF30F}.AppStore|iPhoneSimulator.ActiveCfg = Debug|Any CPU
		{F020439F-190F-487B-8D21-8FAE4DCBF30F}.AppStore|iPhoneSimulator.Build.0 = Debug|Any CPU
		{F020439F-190F-487B-8D21-8FAE4DCBF30F}.AppStore|iPhoneSimulator.Deploy.0 = Debug|Any CPU
		{F020439F-190F-487B-8D21-8FAE4DCBF30F}.AppStore|x64.ActiveCfg = Debug|Any CPU
		{F020439F-190F-487B-8D21-8FAE4DCBF30F}.AppStore|x64.Build.0 = Debug|Any CPU
		{F020439F-190F-487B-8D21-8FAE4DCBF30F}.AppStore|x64.Deploy.0 = Debug|Any CPU
		{F020439F-190F-487B-8D21-8FAE4DCBF30F}.AppStore|x86.ActiveCfg = Debug|Any CPU
		{F020439F-190F-487B-8D21-8FAE4DCBF30F}.AppStore|x86.Build.0 = Debug|Any CPU
		{F020439F-190F-487B-8D21-8FAE4DCBF30F}.AppStore|x86.Deploy.0 = Debug|Any CPU
		{F020439F-190F-487B-8D21-8FAE4DCBF30F}.Debug|Any CPU.ActiveCfg = Debug|Any CPU
		{F020439F-190F-487B-8D21-8FAE4DCBF30F}.Debug|Any CPU.Build.0 = Debug|Any CPU
		{F020439F-190F-487B-8D21-8FAE4DCBF30F}.Debug|Any CPU.Deploy.0 = Debug|Any CPU
		{F020439F-190F-487B-8D21-8FAE4DCBF30F}.Debug|ARM.ActiveCfg = Debug|Any CPU
		{F020439F-190F-487B-8D21-8FAE4DCBF30F}.Debug|ARM.Build.0 = Debug|Any CPU
		{F020439F-190F-487B-8D21-8FAE4DCBF30F}.Debug|ARM.Deploy.0 = Debug|Any CPU
		{F020439F-190F-487B-8D21-8FAE4DCBF30F}.Debug|iPhone.ActiveCfg = Debug|Any CPU
		{F020439F-190F-487B-8D21-8FAE4DCBF30F}.Debug|iPhone.Build.0 = Debug|Any CPU
		{F020439F-190F-487B-8D21-8FAE4DCBF30F}.Debug|iPhone.Deploy.0 = Debug|Any CPU
		{F020439F-190F-487B-8D21-8FAE4DCBF30F}.Debug|iPhoneSimulator.ActiveCfg = Debug|Any CPU
		{F020439F-190F-487B-8D21-8FAE4DCBF30F}.Debug|iPhoneSimulator.Build.0 = Debug|Any CPU
		{F020439F-190F-487B-8D21-8FAE4DCBF30F}.Debug|iPhoneSimulator.Deploy.0 = Debug|Any CPU
		{F020439F-190F-487B-8D21-8FAE4DCBF30F}.Debug|x64.ActiveCfg = Debug|Any CPU
		{F020439F-190F-487B-8D21-8FAE4DCBF30F}.Debug|x64.Build.0 = Debug|Any CPU
		{F020439F-190F-487B-8D21-8FAE4DCBF30F}.Debug|x64.Deploy.0 = Debug|Any CPU
		{F020439F-190F-487B-8D21-8FAE4DCBF30F}.Debug|x86.ActiveCfg = Debug|Any CPU
		{F020439F-190F-487B-8D21-8FAE4DCBF30F}.Debug|x86.Build.0 = Debug|Any CPU
		{F020439F-190F-487B-8D21-8FAE4DCBF30F}.Debug|x86.Deploy.0 = Debug|Any CPU
		{F020439F-190F-487B-8D21-8FAE4DCBF30F}.Release|Any CPU.ActiveCfg = Release|Any CPU
		{F020439F-190F-487B-8D21-8FAE4DCBF30F}.Release|Any CPU.Build.0 = Release|Any CPU
		{F020439F-190F-487B-8D21-8FAE4DCBF30F}.Release|Any CPU.Deploy.0 = Release|Any CPU
		{F020439F-190F-487B-8D21-8FAE4DCBF30F}.Release|ARM.ActiveCfg = Release|Any CPU
		{F020439F-190F-487B-8D21-8FAE4DCBF30F}.Release|ARM.Build.0 = Release|Any CPU
		{F020439F-190F-487B-8D21-8FAE4DCBF30F}.Release|ARM.Deploy.0 = Release|Any CPU
		{F020439F-190F-487B-8D21-8FAE4DCBF30F}.Release|iPhone.ActiveCfg = Release|Any CPU
		{F020439F-190F-487B-8D21-8FAE4DCBF30F}.Release|iPhone.Build.0 = Release|Any CPU
		{F020439F-190F-487B-8D21-8FAE4DCBF30F}.Release|iPhone.Deploy.0 = Release|Any CPU
		{F020439F-190F-487B-8D21-8FAE4DCBF30F}.Release|iPhoneSimulator.ActiveCfg = Release|Any CPU
		{F020439F-190F-487B-8D21-8FAE4DCBF30F}.Release|iPhoneSimulator.Build.0 = Release|Any CPU
		{F020439F-190F-487B-8D21-8FAE4DCBF30F}.Release|iPhoneSimulator.Deploy.0 = Release|Any CPU
		{F020439F-190F-487B-8D21-8FAE4DCBF30F}.Release|x64.ActiveCfg = Release|Any CPU
		{F020439F-190F-487B-8D21-8FAE4DCBF30F}.Release|x64.Build.0 = Release|Any CPU
		{F020439F-190F-487B-8D21-8FAE4DCBF30F}.Release|x64.Deploy.0 = Release|Any CPU
		{F020439F-190F-487B-8D21-8FAE4DCBF30F}.Release|x86.ActiveCfg = Release|Any CPU
		{F020439F-190F-487B-8D21-8FAE4DCBF30F}.Release|x86.Build.0 = Release|Any CPU
		{F020439F-190F-487B-8D21-8FAE4DCBF30F}.Release|x86.Deploy.0 = Release|Any CPU
	EndGlobalSection
	GlobalSection(SolutionProperties) = preSolution
		HideSolutionNode = FALSE
	EndGlobalSection
	GlobalSection(ExtensibilityGlobals) = postSolution
		SolutionGuid = {401196B6-939F-421B-8C41-A0635FD34A9B}
	EndGlobalSection
EndGlobal
